
Microsoft Visual Studio Solution File, Format Version 12.00
# Visual Studio Version 16
VisualStudioVersion = 16.0.29001.49
MinimumVisualStudioVersion = 10.0.40219.1
Project("{FAE04EC0-301F-11D3-BF4B-00C04F79EFBC}") = "calculator", "calculator\calculator.csproj", "{88453A5F-C2B5-4BF9-8888-5762FBD5C45D}"
EndProject
Global
	GlobalSection(SolutionConfigurationPlatforms) = preSolution
		Debug|Any CPU = Debug|Any CPU
		Release|Any CPU = Release|Any CPU
	EndGlobalSection
	GlobalSection(ProjectConfigurationPlatforms) = postSolution
		{88453A5F-C2B5-4BF9-8888-5762FBD5C45D}.Debug|Any CPU.ActiveCfg = Debug|Any CPU
		{88453A5F-C2B5-4BF9-8888-5762FBD5C45D}.Debug|Any CPU.Build.0 = Debug|Any CPU
		{88453A5F-C2B5-4BF9-8888-5762FBD5C45D}.Release|Any CPU.ActiveCfg = Release|Any CPU
		{88453A5F-C2B5-4BF9-8888-5762FBD5C45D}.Release|Any CPU.Build.0 = Release|Any CPU
	EndGlobalSection
	GlobalSection(SolutionProperties) = preSolution
		HideSolutionNode = FALSE
	EndGlobalSection
	GlobalSection(ExtensibilityGlobals) = postSolution
		SolutionGuid = {264DEC47-2E4F-4E77-9F20-CAA233CB127F}
	EndGlobalSection
EndGlobal
